
Microsoft Visual Studio Solution File, Format Version 12.00
# Visual Studio Version 16
VisualStudioVersion = 16.0.31829.152
MinimumVisualStudioVersion = 10.0.40219.1
Project("{FAE04EC0-301F-11D3-BF4B-00C04F79EFBC}") = "Finest", "Finest\Finest.csproj", "{27AC6786-BDCC-4F91-B7D1-2C800E6BA59A}"
EndProject
Global
	GlobalSection(SolutionConfigurationPlatforms) = preSolution
		Debug|Any CPU = Debug|Any CPU
		Release|Any CPU = Release|Any CPU
	EndGlobalSection
	GlobalSection(ProjectConfigurationPlatforms) = postSolution
		{27AC6786-BDCC-4F91-B7D1-2C800E6BA59A}.Debug|Any CPU.ActiveCfg = Debug|Any CPU
		{27AC6786-BDCC-4F91-B7D1-2C800E6BA59A}.Debug|Any CPU.Build.0 = Debug|Any CPU
		{27AC6786-BDCC-4F91-B7D1-2C800E6BA59A}.Release|Any CPU.ActiveCfg = Release|Any CPU
		{27AC6786-BDCC-4F91-B7D1-2C800E6BA59A}.Release|Any CPU.Build.0 = Release|Any CPU
	EndGlobalSection
	GlobalSection(SolutionProperties) = preSolution
		HideSolutionNode = FALSE
	EndGlobalSection
	GlobalSection(ExtensibilityGlobals) = postSolution
		SolutionGuid = {A7F4C194-324D-4C70-9F96-829D91692B19}
	EndGlobalSection
EndGlobal
